// !$*UTF8*$!
{
	archiveVersion = 1;
	classes = {
	};
	objectVersion = 46;
	objects = {

/* Begin PBXBuildFile section */
		1212F69A19E570B300F14F7C /* EditViewController.swift in Sources */ = {isa = PBXBuildFile; fileRef = 1212F69919E570B300F14F7C /* EditViewController.swift */; };
		121567B619EE9441001802D5 /* gray-star.png in Resources */ = {isa = PBXBuildFile; fileRef = 121567B519EE9441001802D5 /* gray-star.png */; };
		123D904119EE7AE300BDC598 /* star.png in Resources */ = {isa = PBXBuildFile; fileRef = 123D904019EE7AE300BDC598 /* star.png */; };
		123D904319EE7C2B00BDC598 /* gray-circle.png in Resources */ = {isa = PBXBuildFile; fileRef = 123D904219EE7C2B00BDC598 /* gray-circle.png */; };
		127ACEDF19DBF1BF00B39373 /* AppDelegate.swift in Sources */ = {isa = PBXBuildFile; fileRef = 127ACEDE19DBF1BF00B39373 /* AppDelegate.swift */; };
		127ACEE119DBF1BF00B39373 /* AllViewController.swift in Sources */ = {isa = PBXBuildFile; fileRef = 127ACEE019DBF1BF00B39373 /* AllViewController.swift */; };
		127ACEE419DBF1BF00B39373 /* Main.storyboard in Resources */ = {isa = PBXBuildFile; fileRef = 127ACEE219DBF1BF00B39373 /* Main.storyboard */; };
		127ACEE619DBF1BF00B39373 /* Images.xcassets in Resources */ = {isa = PBXBuildFile; fileRef = 127ACEE519DBF1BF00B39373 /* Images.xcassets */; };
		127ACEE919DBF1BF00B39373 /* LaunchScreen.xib in Resources */ = {isa = PBXBuildFile; fileRef = 127ACEE719DBF1BF00B39373 /* LaunchScreen.xib */; };
		127ACEF519DBF1BF00B39373 /* CoffeeNoteTests.swift in Sources */ = {isa = PBXBuildFile; fileRef = 127ACEF419DBF1BF00B39373 /* CoffeeNoteTests.swift */; };
		1285316719DC44F000CCDB50 /* DetailViewController.swift in Sources */ = {isa = PBXBuildFile; fileRef = 1285316619DC44F000CCDB50 /* DetailViewController.swift */; };
		1285316919DC452300CCDB50 /* NewViewController.swift in Sources */ = {isa = PBXBuildFile; fileRef = 1285316819DC452300CCDB50 /* NewViewController.swift */; };
		128871431A0E1B6D007F3027 /* libAdapterNend.a in Frameworks */ = {isa = PBXBuildFile; fileRef = 128871041A0E1B6C007F3027 /* libAdapterNend.a */; };
		128871441A0E1B6D007F3027 /* libAdapterNend_readme.txt in Resources */ = {isa = PBXBuildFile; fileRef = 128871051A0E1B6C007F3027 /* libAdapterNend_readme.txt */; };
		128871451A0E1B6D007F3027 /* libNendAd.a in Frameworks */ = {isa = PBXBuildFile; fileRef = 128871081A0E1B6C007F3027 /* libNendAd.a */; };
		128871471A0E1B6D007F3027 /* nendSDKiOS2.5.5_manual.pdf in Resources */ = {isa = PBXBuildFile; fileRef = 128871101A0E1B6C007F3027 /* nendSDKiOS2.5.5_manual.pdf */; };
		1288716D1A0E1CFF007F3027 /* ImageIO.framework in Frameworks */ = {isa = PBXBuildFile; fileRef = 1288716C1A0E1CFF007F3027 /* ImageIO.framework */; };
		129411E819FE947F00074D62 /* InfoPlist.strings in Resources */ = {isa = PBXBuildFile; fileRef = 129411EA19FE947F00074D62 /* InfoPlist.strings */; };
		129411EF19FE951000074D62 /* Localizable.strings in Resources */ = {isa = PBXBuildFile; fileRef = 129411F119FE951000074D62 /* Localizable.strings */; };
		129D3E1219E2C61900180B94 /* libsqlite3.0.dylib in Frameworks */ = {isa = PBXBuildFile; fileRef = 129D3E1119E2C61900180B94 /* libsqlite3.0.dylib */; };
		129D3E2119E2C79100180B94 /* FMDatabase.m in Sources */ = {isa = PBXBuildFile; fileRef = 129D3E1719E2C79100180B94 /* FMDatabase.m */; };
		129D3E2219E2C79100180B94 /* FMDatabaseAdditions.m in Sources */ = {isa = PBXBuildFile; fileRef = 129D3E1919E2C79100180B94 /* FMDatabaseAdditions.m */; };
		129D3E2319E2C79100180B94 /* FMDatabasePool.m in Sources */ = {isa = PBXBuildFile; fileRef = 129D3E1B19E2C79100180B94 /* FMDatabasePool.m */; };
		129D3E2419E2C79100180B94 /* FMDatabaseQueue.m in Sources */ = {isa = PBXBuildFile; fileRef = 129D3E1D19E2C79100180B94 /* FMDatabaseQueue.m */; };
		129D3E2519E2C79100180B94 /* FMResultSet.m in Sources */ = {isa = PBXBuildFile; fileRef = 129D3E2019E2C79100180B94 /* FMResultSet.m */; };
		12AD799719EB7EB100A320D4 /* img1.jpg in Resources */ = {isa = PBXBuildFile; fileRef = 12AD799519EB7EB100A320D4 /* img1.jpg */; };
		12AD799819EB7EB100A320D4 /* img4.jpg in Resources */ = {isa = PBXBuildFile; fileRef = 12AD799619EB7EB100A320D4 /* img4.jpg */; };
		12CD442719EBE24A00FE07AE /* CustomCell.swift in Sources */ = {isa = PBXBuildFile; fileRef = 12CD442619EBE24A00FE07AE /* CustomCell.swift */; };
		12CD442C19EC101000FE07AE /* img2.jpg in Resources */ = {isa = PBXBuildFile; fileRef = 12CD442B19EC101000FE07AE /* img2.jpg */; };
		12CD442E19EC102C00FE07AE /* img3.jpg in Resources */ = {isa = PBXBuildFile; fileRef = 12CD442D19EC102C00FE07AE /* img3.jpg */; };
		12D35D211A0CD41C00EE87D0 /* libGoogleAdMobAds.a in Frameworks */ = {isa = PBXBuildFile; fileRef = 12D35D1F1A0CD41C00EE87D0 /* libGoogleAdMobAds.a */; };
		12D35D221A0CD41C00EE87D0 /* README.txt in Resources */ = {isa = PBXBuildFile; fileRef = 12D35D201A0CD41C00EE87D0 /* README.txt */; };
		12D35D261A0CD42500EE87D0 /* libAdapterIAd.a in Frameworks */ = {isa = PBXBuildFile; fileRef = 12D35D241A0CD42500EE87D0 /* libAdapterIAd.a */; };
		12D35D271A0CD42500EE87D0 /* README.txt in Resources */ = {isa = PBXBuildFile; fileRef = 12D35D251A0CD42500EE87D0 /* README.txt */; };
		12D35D2A1A0CD4E700EE87D0 /* AudioToolbox.framework in Frameworks */ = {isa = PBXBuildFile; fileRef = 12D35D291A0CD4E700EE87D0 /* AudioToolbox.framework */; };
		12D35D2C1A0CD4F500EE87D0 /* AdSupport.framework in Frameworks */ = {isa = PBXBuildFile; fileRef = 12D35D2B1A0CD4F500EE87D0 /* AdSupport.framework */; };
		12D35D2E1A0CD50A00EE87D0 /* AVFoundation.framework in Frameworks */ = {isa = PBXBuildFile; fileRef = 12D35D2D1A0CD50A00EE87D0 /* AVFoundation.framework */; };
		12D35D301A0CD51400EE87D0 /* CoreGraphics.framework in Frameworks */ = {isa = PBXBuildFile; fileRef = 12D35D2F1A0CD51400EE87D0 /* CoreGraphics.framework */; };
		12D35D321A0CD51E00EE87D0 /* MessageUI.framework in Frameworks */ = {isa = PBXBuildFile; fileRef = 12D35D311A0CD51E00EE87D0 /* MessageUI.framework */; };
		12D35D341A0CD52400EE87D0 /* StoreKit.framework in Frameworks */ = {isa = PBXBuildFile; fileRef = 12D35D331A0CD52400EE87D0 /* StoreKit.framework */; };
		12D35D361A0CD53000EE87D0 /* SystemConfiguration.framework in Frameworks */ = {isa = PBXBuildFile; fileRef = 12D35D351A0CD53000EE87D0 /* SystemConfiguration.framework */; };
		12D35D381A0CD53900EE87D0 /* CoreTelephony.framework in Frameworks */ = {isa = PBXBuildFile; fileRef = 12D35D371A0CD53900EE87D0 /* CoreTelephony.framework */; };
		12D35D3A1A0CD54400EE87D0 /* iAd.framework in Frameworks */ = {isa = PBXBuildFile; fileRef = 12D35D391A0CD54400EE87D0 /* iAd.framework */; };
		12D35D3C1A0CD54C00EE87D0 /* Security.framework in Frameworks */ = {isa = PBXBuildFile; fileRef = 12D35D3B1A0CD54C00EE87D0 /* Security.framework */; };
		12D6706C19ED310E0079F550 /* icon_camera.png in Resources */ = {isa = PBXBuildFile; fileRef = 12D6706B19ED310E0079F550 /* icon_camera.png */; };
		12D8EC4219EE5FAD00BC8521 /* blue-coffee-icon.jpeg in Resources */ = {isa = PBXBuildFile; fileRef = 12D8EC4119EE5FAD00BC8521 /* blue-coffee-icon.jpeg */; };
		12F12D761A045D49004877D9 /* Social.framework in Frameworks */ = {isa = PBXBuildFile; fileRef = 12F12D751A045D49004877D9 /* Social.framework */; };
/* End PBXBuildFile section */

/* Begin PBXContainerItemProxy section */
		127ACEEF19DBF1BF00B39373 /* PBXContainerItemProxy */ = {
			isa = PBXContainerItemProxy;
			containerPortal = 127ACED119DBF1BE00B39373 /* Project object */;
			proxyType = 1;
			remoteGlobalIDString = 127ACED819DBF1BE00B39373;
			remoteInfo = CoffeeNote;
		};
/* End PBXContainerItemProxy section */

/* Begin PBXFileReference section */
		1212F69919E570B300F14F7C /* EditViewController.swift */ = {isa = PBXFileReference; fileEncoding = 4; lastKnownFileType = sourcecode.swift; path = EditViewController.swift; sourceTree = "<group>"; };
		121567B519EE9441001802D5 /* gray-star.png */ = {isa = PBXFileReference; lastKnownFileType = image.png; name = "gray-star.png"; path = "Images.xcassets/gray-star.png"; sourceTree = "<group>"; };
		123D904019EE7AE300BDC598 /* star.png */ = {isa = PBXFileReference; lastKnownFileType = image.png; name = star.png; path = Images.xcassets/star.png; sourceTree = "<group>"; };
		123D904219EE7C2B00BDC598 /* gray-circle.png */ = {isa = PBXFileReference; lastKnownFileType = image.png; name = "gray-circle.png"; path = "Images.xcassets/gray-circle.png"; sourceTree = "<group>"; };
		127ACED919DBF1BE00B39373 /* CoffeeNote.app */ = {isa = PBXFileReference; explicitFileType = wrapper.application; includeInIndex = 0; path = CoffeeNote.app; sourceTree = BUILT_PRODUCTS_DIR; };
		127ACEDD19DBF1BF00B39373 /* Info.plist */ = {isa = PBXFileReference; lastKnownFileType = text.plist.xml; path = Info.plist; sourceTree = "<group>"; };
		127ACEDE19DBF1BF00B39373 /* AppDelegate.swift */ = {isa = PBXFileReference; lastKnownFileType = sourcecode.swift; path = AppDelegate.swift; sourceTree = "<group>"; };
		127ACEE019DBF1BF00B39373 /* AllViewController.swift */ = {isa = PBXFileReference; lastKnownFileType = sourcecode.swift; path = AllViewController.swift; sourceTree = "<group>"; };
		127ACEE319DBF1BF00B39373 /* Base */ = {isa = PBXFileReference; lastKnownFileType = file.storyboard; name = Base; path = Base.lproj/Main.storyboard; sourceTree = "<group>"; };
		127ACEE519DBF1BF00B39373 /* Images.xcassets */ = {isa = PBXFileReference; lastKnownFileType = folder.assetcatalog; path = Images.xcassets; sourceTree = "<group>"; };
		127ACEE819DBF1BF00B39373 /* Base */ = {isa = PBXFileReference; lastKnownFileType = file.xib; name = Base; path = Base.lproj/LaunchScreen.xib; sourceTree = "<group>"; };
		127ACEEE19DBF1BF00B39373 /* CoffeeNoteTests.xctest */ = {isa = PBXFileReference; explicitFileType = wrapper.cfbundle; includeInIndex = 0; path = CoffeeNoteTests.xctest; sourceTree = BUILT_PRODUCTS_DIR; };
		127ACEF319DBF1BF00B39373 /* Info.plist */ = {isa = PBXFileReference; lastKnownFileType = text.plist.xml; path = Info.plist; sourceTree = "<group>"; };
		127ACEF419DBF1BF00B39373 /* CoffeeNoteTests.swift */ = {isa = PBXFileReference; lastKnownFileType = sourcecode.swift; path = CoffeeNoteTests.swift; sourceTree = "<group>"; };
		1285316619DC44F000CCDB50 /* DetailViewController.swift */ = {isa = PBXFileReference; fileEncoding = 4; lastKnownFileType = sourcecode.swift; path = DetailViewController.swift; sourceTree = "<group>"; };
		1285316819DC452300CCDB50 /* NewViewController.swift */ = {isa = PBXFileReference; fileEncoding = 4; lastKnownFileType = sourcecode.swift; path = NewViewController.swift; sourceTree = "<group>"; };
		128871041A0E1B6C007F3027 /* libAdapterNend.a */ = {isa = PBXFileReference; lastKnownFileType = archive.ar; path = libAdapterNend.a; sourceTree = "<group>"; };
		128871051A0E1B6C007F3027 /* libAdapterNend_readme.txt */ = {isa = PBXFileReference; fileEncoding = 4; lastKnownFileType = text; path = libAdapterNend_readme.txt; sourceTree = "<group>"; };
		128871081A0E1B6C007F3027 /* libNendAd.a */ = {isa = PBXFileReference; lastKnownFileType = archive.ar; path = libNendAd.a; sourceTree = "<group>"; };
		128871091A0E1B6C007F3027 /* NADIconArrayView.h */ = {isa = PBXFileReference; fileEncoding = 4; lastKnownFileType = sourcecode.c.h; path = NADIconArrayView.h; sourceTree = "<group>"; };
		1288710A1A0E1B6C007F3027 /* NADIconLoader.h */ = {isa = PBXFileReference; fileEncoding = 4; lastKnownFileType = sourcecode.c.h; path = NADIconLoader.h; sourceTree = "<group>"; };
		1288710B1A0E1B6C007F3027 /* NADIconView.h */ = {isa = PBXFileReference; fileEncoding = 4; lastKnownFileType = sourcecode.c.h; path = NADIconView.h; sourceTree = "<group>"; };
		1288710C1A0E1B6C007F3027 /* NADInterstitial.h */ = {isa = PBXFileReference; fileEncoding = 4; lastKnownFileType = sourcecode.c.h; path = NADInterstitial.h; sourceTree = "<group>"; };
		1288710D1A0E1B6C007F3027 /* NADView.h */ = {isa = PBXFileReference; fileEncoding = 4; lastKnownFileType = sourcecode.c.h; path = NADView.h; sourceTree = "<group>"; };
		1288710F1A0E1B6C007F3027 /* NendAd-Bridging-Header.h */ = {isa = PBXFileReference; fileEncoding = 4; lastKnownFileType = sourcecode.c.h; path = "NendAd-Bridging-Header.h"; sourceTree = "<group>"; };
		128871101A0E1B6C007F3027 /* nendSDKiOS2.5.5_manual.pdf */ = {isa = PBXFileReference; lastKnownFileType = image.pdf; path = nendSDKiOS2.5.5_manual.pdf; sourceTree = "<group>"; };
		1288716C1A0E1CFF007F3027 /* ImageIO.framework */ = {isa = PBXFileReference; lastKnownFileType = wrapper.framework; name = ImageIO.framework; path = System/Library/Frameworks/ImageIO.framework; sourceTree = SDKROOT; };
		129411E419FE93FF00074D62 /* ja */ = {isa = PBXFileReference; lastKnownFileType = text.plist.strings; name = ja; path = ja.lproj/Main.strings; sourceTree = "<group>"; };
		129411E519FE940000074D62 /* ja */ = {isa = PBXFileReference; lastKnownFileType = text.plist.strings; name = ja; path = ja.lproj/LaunchScreen.strings; sourceTree = "<group>"; };
		129411EB19FE948100074D62 /* en */ = {isa = PBXFileReference; lastKnownFileType = text.plist.strings; name = en; path = en.lproj/InfoPlist.strings; sourceTree = "<group>"; };
		129411EC19FE948200074D62 /* ja */ = {isa = PBXFileReference; lastKnownFileType = text.plist.strings; name = ja; path = ja.lproj/InfoPlist.strings; sourceTree = "<group>"; };
		129411F219FE951100074D62 /* en */ = {isa = PBXFileReference; lastKnownFileType = text.plist.strings; name = en; path = en.lproj/Localizable.strings; sourceTree = "<group>"; };
		129411F319FE951200074D62 /* ja */ = {isa = PBXFileReference; lastKnownFileType = text.plist.strings; name = ja; path = ja.lproj/Localizable.strings; sourceTree = "<group>"; };
		129D3E1119E2C61900180B94 /* libsqlite3.0.dylib */ = {isa = PBXFileReference; lastKnownFileType = "compiled.mach-o.dylib"; name = libsqlite3.0.dylib; path = usr/lib/libsqlite3.0.dylib; sourceTree = SDKROOT; };
		129D3E1319E2C64B00180B94 /* CoffeeNote-Bridging-Header.h */ = {isa = PBXFileReference; lastKnownFileType = sourcecode.c.h; path = "CoffeeNote-Bridging-Header.h"; sourceTree = "<group>"; };
		129D3E1619E2C79100180B94 /* FMDatabase.h */ = {isa = PBXFileReference; fileEncoding = 4; lastKnownFileType = sourcecode.c.h; path = FMDatabase.h; sourceTree = "<group>"; };
		129D3E1719E2C79100180B94 /* FMDatabase.m */ = {isa = PBXFileReference; fileEncoding = 4; lastKnownFileType = sourcecode.c.objc; path = FMDatabase.m; sourceTree = "<group>"; };
		129D3E1819E2C79100180B94 /* FMDatabaseAdditions.h */ = {isa = PBXFileReference; fileEncoding = 4; lastKnownFileType = sourcecode.c.h; path = FMDatabaseAdditions.h; sourceTree = "<group>"; };
		129D3E1919E2C79100180B94 /* FMDatabaseAdditions.m */ = {isa = PBXFileReference; fileEncoding = 4; lastKnownFileType = sourcecode.c.objc; path = FMDatabaseAdditions.m; sourceTree = "<group>"; };
		129D3E1A19E2C79100180B94 /* FMDatabasePool.h */ = {isa = PBXFileReference; fileEncoding = 4; lastKnownFileType = sourcecode.c.h; path = FMDatabasePool.h; sourceTree = "<group>"; };
		129D3E1B19E2C79100180B94 /* FMDatabasePool.m */ = {isa = PBXFileReference; fileEncoding = 4; lastKnownFileType = sourcecode.c.objc; path = FMDatabasePool.m; sourceTree = "<group>"; };
		129D3E1C19E2C79100180B94 /* FMDatabaseQueue.h */ = {isa = PBXFileReference; fileEncoding = 4; lastKnownFileType = sourcecode.c.h; path = FMDatabaseQueue.h; sourceTree = "<group>"; };
		129D3E1D19E2C79100180B94 /* FMDatabaseQueue.m */ = {isa = PBXFileReference; fileEncoding = 4; lastKnownFileType = sourcecode.c.objc; path = FMDatabaseQueue.m; sourceTree = "<group>"; };
		129D3E1E19E2C79100180B94 /* FMDB.h */ = {isa = PBXFileReference; fileEncoding = 4; lastKnownFileType = sourcecode.c.h; path = FMDB.h; sourceTree = "<group>"; };
		129D3E1F19E2C79100180B94 /* FMResultSet.h */ = {isa = PBXFileReference; fileEncoding = 4; lastKnownFileType = sourcecode.c.h; path = FMResultSet.h; sourceTree = "<group>"; };
		129D3E2019E2C79100180B94 /* FMResultSet.m */ = {isa = PBXFileReference; fileEncoding = 4; lastKnownFileType = sourcecode.c.objc; path = FMResultSet.m; sourceTree = "<group>"; };
		12AD799519EB7EB100A320D4 /* img1.jpg */ = {isa = PBXFileReference; lastKnownFileType = image.jpeg; name = img1.jpg; path = ../../../Dropbox/images/img1.jpg; sourceTree = "<group>"; };
		12AD799619EB7EB100A320D4 /* img4.jpg */ = {isa = PBXFileReference; lastKnownFileType = image.jpeg; name = img4.jpg; path = ../../../Dropbox/images/img4.jpg; sourceTree = "<group>"; };
		12CD442619EBE24A00FE07AE /* CustomCell.swift */ = {isa = PBXFileReference; fileEncoding = 4; lastKnownFileType = sourcecode.swift; path = CustomCell.swift; sourceTree = "<group>"; };
		12CD442B19EC101000FE07AE /* img2.jpg */ = {isa = PBXFileReference; lastKnownFileType = image.jpeg; name = img2.jpg; path = ../../../Dropbox/images/img2.jpg; sourceTree = "<group>"; };
		12CD442D19EC102C00FE07AE /* img3.jpg */ = {isa = PBXFileReference; lastKnownFileType = image.jpeg; name = img3.jpg; path = ../../../Dropbox/images/Picture/img3.jpg; sourceTree = "<group>"; };
		12D35D021A0CD41C00EE87D0 /* DFPBannerView.h */ = {isa = PBXFileReference; fileEncoding = 4; lastKnownFileType = sourcecode.c.h; path = DFPBannerView.h; sourceTree = "<group>"; };
		12D35D031A0CD41C00EE87D0 /* DFPExtras.h */ = {isa = PBXFileReference; fileEncoding = 4; lastKnownFileType = sourcecode.c.h; path = DFPExtras.h; sourceTree = "<group>"; };
		12D35D041A0CD41C00EE87D0 /* DFPInterstitial.h */ = {isa = PBXFileReference; fileEncoding = 4; lastKnownFileType = sourcecode.c.h; path = DFPInterstitial.h; sourceTree = "<group>"; };
		12D35D051A0CD41C00EE87D0 /* DFPSwipeableBannerView.h */ = {isa = PBXFileReference; fileEncoding = 4; lastKnownFileType = sourcecode.c.h; path = DFPSwipeableBannerView.h; sourceTree = "<group>"; };
		12D35D061A0CD41C00EE87D0 /* GADAdSizeDelegate.h */ = {isa = PBXFileReference; fileEncoding = 4; lastKnownFileType = sourcecode.c.h; path = GADAdSizeDelegate.h; sourceTree = "<group>"; };
		12D35D071A0CD41C00EE87D0 /* GADAppEventDelegate.h */ = {isa = PBXFileReference; fileEncoding = 4; lastKnownFileType = sourcecode.c.h; path = GADAppEventDelegate.h; sourceTree = "<group>"; };
		12D35D081A0CD41C00EE87D0 /* GADSwipeableBannerViewDelegate.h */ = {isa = PBXFileReference; fileEncoding = 4; lastKnownFileType = sourcecode.c.h; path = GADSwipeableBannerViewDelegate.h; sourceTree = "<group>"; };
		12D35D0A1A0CD41C00EE87D0 /* GADCustomEventBanner.h */ = {isa = PBXFileReference; fileEncoding = 4; lastKnownFileType = sourcecode.c.h; path = GADCustomEventBanner.h; sourceTree = "<group>"; };
		12D35D0B1A0CD41C00EE87D0 /* GADCustomEventBannerDelegate.h */ = {isa = PBXFileReference; fileEncoding = 4; lastKnownFileType = sourcecode.c.h; path = GADCustomEventBannerDelegate.h; sourceTree = "<group>"; };
		12D35D0C1A0CD41C00EE87D0 /* GADCustomEventExtras.h */ = {isa = PBXFileReference; fileEncoding = 4; lastKnownFileType = sourcecode.c.h; path = GADCustomEventExtras.h; sourceTree = "<group>"; };
		12D35D0D1A0CD41C00EE87D0 /* GADCustomEventInterstitial.h */ = {isa = PBXFileReference; fileEncoding = 4; lastKnownFileType = sourcecode.c.h; path = GADCustomEventInterstitial.h; sourceTree = "<group>"; };
		12D35D0E1A0CD41C00EE87D0 /* GADCustomEventInterstitialDelegate.h */ = {isa = PBXFileReference; fileEncoding = 4; lastKnownFileType = sourcecode.c.h; path = GADCustomEventInterstitialDelegate.h; sourceTree = "<group>"; };
		12D35D0F1A0CD41C00EE87D0 /* GADCustomEventRequest.h */ = {isa = PBXFileReference; fileEncoding = 4; lastKnownFileType = sourcecode.c.h; path = GADCustomEventRequest.h; sourceTree = "<group>"; };
		12D35D111A0CD41C00EE87D0 /* GADSearchBannerView.h */ = {isa = PBXFileReference; fileEncoding = 4; lastKnownFileType = sourcecode.c.h; path = GADSearchBannerView.h; sourceTree = "<group>"; };
		12D35D121A0CD41C00EE87D0 /* GADSearchRequest.h */ = {isa = PBXFileReference; fileEncoding = 4; lastKnownFileType = sourcecode.c.h; path = GADSearchRequest.h; sourceTree = "<group>"; };
		12D35D131A0CD41C00EE87D0 /* GADAdMobExtras.h */ = {isa = PBXFileReference; fileEncoding = 4; lastKnownFileType = sourcecode.c.h; path = GADAdMobExtras.h; sourceTree = "<group>"; };
		12D35D141A0CD41C00EE87D0 /* GADAdNetworkExtras.h */ = {isa = PBXFileReference; fileEncoding = 4; lastKnownFileType = sourcecode.c.h; path = GADAdNetworkExtras.h; sourceTree = "<group>"; };
		12D35D151A0CD41C00EE87D0 /* GADAdSize.h */ = {isa = PBXFileReference; fileEncoding = 4; lastKnownFileType = sourcecode.c.h; path = GADAdSize.h; sourceTree = "<group>"; };
		12D35D161A0CD41C00EE87D0 /* GADBannerView.h */ = {isa = PBXFileReference; fileEncoding = 4; lastKnownFileType = sourcecode.c.h; path = GADBannerView.h; sourceTree = "<group>"; };
		12D35D171A0CD41C00EE87D0 /* GADBannerViewDelegate.h */ = {isa = PBXFileReference; fileEncoding = 4; lastKnownFileType = sourcecode.c.h; path = GADBannerViewDelegate.h; sourceTree = "<group>"; };
		12D35D181A0CD41C00EE87D0 /* GADInAppPurchase.h */ = {isa = PBXFileReference; fileEncoding = 4; lastKnownFileType = sourcecode.c.h; path = GADInAppPurchase.h; sourceTree = "<group>"; };
		12D35D191A0CD41C00EE87D0 /* GADInAppPurchaseDelegate.h */ = {isa = PBXFileReference; fileEncoding = 4; lastKnownFileType = sourcecode.c.h; path = GADInAppPurchaseDelegate.h; sourceTree = "<group>"; };
		12D35D1A1A0CD41C00EE87D0 /* GADInterstitial.h */ = {isa = PBXFileReference; fileEncoding = 4; lastKnownFileType = sourcecode.c.h; path = GADInterstitial.h; sourceTree = "<group>"; };
		12D35D1B1A0CD41C00EE87D0 /* GADInterstitialDelegate.h */ = {isa = PBXFileReference; fileEncoding = 4; lastKnownFileType = sourcecode.c.h; path = GADInterstitialDelegate.h; sourceTree = "<group>"; };
		12D35D1C1A0CD41C00EE87D0 /* GADModules.h */ = {isa = PBXFileReference; fileEncoding = 4; lastKnownFileType = sourcecode.c.h; path = GADModules.h; sourceTree = "<group>"; };
		12D35D1D1A0CD41C00EE87D0 /* GADRequest.h */ = {isa = PBXFileReference; fileEncoding = 4; lastKnownFileType = sourcecode.c.h; path = GADRequest.h; sourceTree = "<group>"; };
		12D35D1E1A0CD41C00EE87D0 /* GADRequestError.h */ = {isa = PBXFileReference; fileEncoding = 4; lastKnownFileType = sourcecode.c.h; path = GADRequestError.h; sourceTree = "<group>"; };
		12D35D1F1A0CD41C00EE87D0 /* libGoogleAdMobAds.a */ = {isa = PBXFileReference; lastKnownFileType = archive.ar; path = libGoogleAdMobAds.a; sourceTree = "<group>"; };
		12D35D201A0CD41C00EE87D0 /* README.txt */ = {isa = PBXFileReference; fileEncoding = 4; lastKnownFileType = text; path = README.txt; sourceTree = "<group>"; };
		12D35D241A0CD42500EE87D0 /* libAdapterIAd.a */ = {isa = PBXFileReference; lastKnownFileType = archive.ar; path = libAdapterIAd.a; sourceTree = "<group>"; };
		12D35D251A0CD42500EE87D0 /* README.txt */ = {isa = PBXFileReference; fileEncoding = 4; lastKnownFileType = text; path = README.txt; sourceTree = "<group>"; };
		12D35D291A0CD4E700EE87D0 /* AudioToolbox.framework */ = {isa = PBXFileReference; lastKnownFileType = wrapper.framework; name = AudioToolbox.framework; path = System/Library/Frameworks/AudioToolbox.framework; sourceTree = SDKROOT; };
		12D35D2B1A0CD4F500EE87D0 /* AdSupport.framework */ = {isa = PBXFileReference; lastKnownFileType = wrapper.framework; name = AdSupport.framework; path = System/Library/Frameworks/AdSupport.framework; sourceTree = SDKROOT; };
		12D35D2D1A0CD50A00EE87D0 /* AVFoundation.framework */ = {isa = PBXFileReference; lastKnownFileType = wrapper.framework; name = AVFoundation.framework; path = System/Library/Frameworks/AVFoundation.framework; sourceTree = SDKROOT; };
		12D35D2F1A0CD51400EE87D0 /* CoreGraphics.framework */ = {isa = PBXFileReference; lastKnownFileType = wrapper.framework; name = CoreGraphics.framework; path = System/Library/Frameworks/CoreGraphics.framework; sourceTree = SDKROOT; };
		12D35D311A0CD51E00EE87D0 /* MessageUI.framework */ = {isa = PBXFileReference; lastKnownFileType = wrapper.framework; name = MessageUI.framework; path = System/Library/Frameworks/MessageUI.framework; sourceTree = SDKROOT; };
		12D35D331A0CD52400EE87D0 /* StoreKit.framework */ = {isa = PBXFileReference; lastKnownFileType = wrapper.framework; name = StoreKit.framework; path = System/Library/Frameworks/StoreKit.framework; sourceTree = SDKROOT; };
		12D35D351A0CD53000EE87D0 /* SystemConfiguration.framework */ = {isa = PBXFileReference; lastKnownFileType = wrapper.framework; name = SystemConfiguration.framework; path = System/Library/Frameworks/SystemConfiguration.framework; sourceTree = SDKROOT; };
		12D35D371A0CD53900EE87D0 /* CoreTelephony.framework */ = {isa = PBXFileReference; lastKnownFileType = wrapper.framework; name = CoreTelephony.framework; path = System/Library/Frameworks/CoreTelephony.framework; sourceTree = SDKROOT; };
		12D35D391A0CD54400EE87D0 /* iAd.framework */ = {isa = PBXFileReference; lastKnownFileType = wrapper.framework; name = iAd.framework; path = System/Library/Frameworks/iAd.framework; sourceTree = SDKROOT; };
		12D35D3B1A0CD54C00EE87D0 /* Security.framework */ = {isa = PBXFileReference; lastKnownFileType = wrapper.framework; name = Security.framework; path = System/Library/Frameworks/Security.framework; sourceTree = SDKROOT; };
		12D6706B19ED310E0079F550 /* icon_camera.png */ = {isa = PBXFileReference; lastKnownFileType = image.png; name = icon_camera.png; path = Images.xcassets/icon_camera.png; sourceTree = "<group>"; };
		12D8EC4119EE5FAD00BC8521 /* blue-coffee-icon.jpeg */ = {isa = PBXFileReference; lastKnownFileType = image.jpeg; name = "blue-coffee-icon.jpeg"; path = "Images.xcassets/blue-coffee-icon.jpeg"; sourceTree = "<group>"; };
		12F12D751A045D49004877D9 /* Social.framework */ = {isa = PBXFileReference; lastKnownFileType = wrapper.framework; name = Social.framework; path = System/Library/Frameworks/Social.framework; sourceTree = SDKROOT; };
/* End PBXFileReference section */

/* Begin PBXFrameworksBuildPhase section */
		127ACED619DBF1BE00B39373 /* Frameworks */ = {
			isa = PBXFrameworksBuildPhase;
			buildActionMask = 2147483647;
			files = (
				1288716D1A0E1CFF007F3027 /* ImageIO.framework in Frameworks */,
				12D35D3C1A0CD54C00EE87D0 /* Security.framework in Frameworks */,
				12D35D3A1A0CD54400EE87D0 /* iAd.framework in Frameworks */,
				128871431A0E1B6D007F3027 /* libAdapterNend.a in Frameworks */,
				12D35D381A0CD53900EE87D0 /* CoreTelephony.framework in Frameworks */,
				12D35D361A0CD53000EE87D0 /* SystemConfiguration.framework in Frameworks */,
				12D35D341A0CD52400EE87D0 /* StoreKit.framework in Frameworks */,
				12D35D321A0CD51E00EE87D0 /* MessageUI.framework in Frameworks */,
				12D35D301A0CD51400EE87D0 /* CoreGraphics.framework in Frameworks */,
				12D35D2E1A0CD50A00EE87D0 /* AVFoundation.framework in Frameworks */,
				12D35D2C1A0CD4F500EE87D0 /* AdSupport.framework in Frameworks */,
				12D35D2A1A0CD4E700EE87D0 /* AudioToolbox.framework in Frameworks */,
				128871451A0E1B6D007F3027 /* libNendAd.a in Frameworks */,
				12D35D261A0CD42500EE87D0 /* libAdapterIAd.a in Frameworks */,
				12F12D761A045D49004877D9 /* Social.framework in Frameworks */,
				129D3E1219E2C61900180B94 /* libsqlite3.0.dylib in Frameworks */,
				12D35D211A0CD41C00EE87D0 /* libGoogleAdMobAds.a in Frameworks */,
			);
			runOnlyForDeploymentPostprocessing = 0;
		};
		127ACEEB19DBF1BF00B39373 /* Frameworks */ = {
			isa = PBXFrameworksBuildPhase;
			buildActionMask = 2147483647;
			files = (
			);
			runOnlyForDeploymentPostprocessing = 0;
		};
/* End PBXFrameworksBuildPhase section */

/* Begin PBXGroup section */
		127ACED019DBF1BE00B39373 = {
			isa = PBXGroup;
			children = (
				129D3E1419E2C75100180B94 /* lib */,
				129D3E1119E2C61900180B94 /* libsqlite3.0.dylib */,
				127ACEDB19DBF1BE00B39373 /* CoffeeNote */,
				127ACEF119DBF1BF00B39373 /* CoffeeNoteTests */,
				127ACEDA19DBF1BE00B39373 /* Products */,
			);
			sourceTree = "<group>";
		};
		127ACEDA19DBF1BE00B39373 /* Products */ = {
			isa = PBXGroup;
			children = (
				127ACED919DBF1BE00B39373 /* CoffeeNote.app */,
				127ACEEE19DBF1BF00B39373 /* CoffeeNoteTests.xctest */,
			);
			name = Products;
			sourceTree = "<group>";
		};
		127ACEDB19DBF1BE00B39373 /* CoffeeNote */ = {
			isa = PBXGroup;
			children = (
				127ACEDE19DBF1BF00B39373 /* AppDelegate.swift */,
				127ACEE019DBF1BF00B39373 /* AllViewController.swift */,
				12CD442619EBE24A00FE07AE /* CustomCell.swift */,
				1285316819DC452300CCDB50 /* NewViewController.swift */,
				1285316619DC44F000CCDB50 /* DetailViewController.swift */,
				1212F69919E570B300F14F7C /* EditViewController.swift */,
				129D3E1319E2C64B00180B94 /* CoffeeNote-Bridging-Header.h */,
				127ACEE219DBF1BF00B39373 /* Main.storyboard */,
				12D35D3D1A0CD5B400EE87D0 /* frameworks */,
				12D35D281A0CD46A00EE87D0 /* Ad */,
				12CD442A19EC019500FE07AE /* images */,
				127ACEE519DBF1BF00B39373 /* Images.xcassets */,
				127ACEE719DBF1BF00B39373 /* LaunchScreen.xib */,
				127ACEDC19DBF1BF00B39373 /* Supporting Files */,
			);
			path = CoffeeNote;
			sourceTree = "<group>";
		};
		127ACEDC19DBF1BF00B39373 /* Supporting Files */ = {
			isa = PBXGroup;
			children = (
				127ACEDD19DBF1BF00B39373 /* Info.plist */,
				129411EA19FE947F00074D62 /* InfoPlist.strings */,
				129411F119FE951000074D62 /* Localizable.strings */,
			);
			name = "Supporting Files";
			sourceTree = "<group>";
		};
		127ACEF119DBF1BF00B39373 /* CoffeeNoteTests */ = {
			isa = PBXGroup;
			children = (
				127ACEF419DBF1BF00B39373 /* CoffeeNoteTests.swift */,
				127ACEF219DBF1BF00B39373 /* Supporting Files */,
			);
			path = CoffeeNoteTests;
			sourceTree = "<group>";
		};
		127ACEF219DBF1BF00B39373 /* Supporting Files */ = {
			isa = PBXGroup;
			children = (
				127ACEF319DBF1BF00B39373 /* Info.plist */,
			);
			name = "Supporting Files";
			sourceTree = "<group>";
		};
		128871021A0E1B6C007F3027 /* NendSDK_iOS-2.5.5 */ = {
			isa = PBXGroup;
			children = (
				128871031A0E1B6C007F3027 /* AdMobMediationAdapter */,
				128871061A0E1B6C007F3027 /* Nend */,
			);
			name = "NendSDK_iOS-2.5.5";
			path = "Externals/NendSDK_iOS-2.5.5";
			sourceTree = SOURCE_ROOT;
		};
		128871031A0E1B6C007F3027 /* AdMobMediationAdapter */ = {
			isa = PBXGroup;
			children = (
				128871041A0E1B6C007F3027 /* libAdapterNend.a */,
				128871051A0E1B6C007F3027 /* libAdapterNend_readme.txt */,
			);
			path = AdMobMediationAdapter;
			sourceTree = "<group>";
		};
		128871061A0E1B6C007F3027 /* Nend */ = {
			isa = PBXGroup;
			children = (
				128871071A0E1B6C007F3027 /* NendAd */,
				1288710F1A0E1B6C007F3027 /* NendAd-Bridging-Header.h */,
				128871101A0E1B6C007F3027 /* nendSDKiOS2.5.5_manual.pdf */,
			);
			path = Nend;
			sourceTree = "<group>";
		};
		128871071A0E1B6C007F3027 /* NendAd */ = {
			isa = PBXGroup;
			children = (
				128871081A0E1B6C007F3027 /* libNendAd.a */,
				128871091A0E1B6C007F3027 /* NADIconArrayView.h */,
				1288710A1A0E1B6C007F3027 /* NADIconLoader.h */,
				1288710B1A0E1B6C007F3027 /* NADIconView.h */,
				1288710C1A0E1B6C007F3027 /* NADInterstitial.h */,
				1288710D1A0E1B6C007F3027 /* NADView.h */,
			);
			path = NendAd;
			sourceTree = "<group>";
		};
		129D3E1419E2C75100180B94 /* lib */ = {
			isa = PBXGroup;
			children = (
				129D3E1519E2C79000180B94 /* fmdb */,
			);
			name = lib;
			sourceTree = "<group>";
		};
		129D3E1519E2C79000180B94 /* fmdb */ = {
			isa = PBXGroup;
			children = (
				129D3E1619E2C79100180B94 /* FMDatabase.h */,
				129D3E1719E2C79100180B94 /* FMDatabase.m */,
				129D3E1819E2C79100180B94 /* FMDatabaseAdditions.h */,
				129D3E1919E2C79100180B94 /* FMDatabaseAdditions.m */,
				129D3E1A19E2C79100180B94 /* FMDatabasePool.h */,
				129D3E1B19E2C79100180B94 /* FMDatabasePool.m */,
				129D3E1C19E2C79100180B94 /* FMDatabaseQueue.h */,
				129D3E1D19E2C79100180B94 /* FMDatabaseQueue.m */,
				129D3E1E19E2C79100180B94 /* FMDB.h */,
				129D3E1F19E2C79100180B94 /* FMResultSet.h */,
				129D3E2019E2C79100180B94 /* FMResultSet.m */,
			);
			name = fmdb;
			path = "../../Downloads/fmdb-master/src/fmdb";
			sourceTree = "<group>";
		};
		12CD442A19EC019500FE07AE /* images */ = {
			isa = PBXGroup;
			children = (
				12AD799519EB7EB100A320D4 /* img1.jpg */,
				12CD442B19EC101000FE07AE /* img2.jpg */,
				12CD442D19EC102C00FE07AE /* img3.jpg */,
				12AD799619EB7EB100A320D4 /* img4.jpg */,
				12D8EC4119EE5FAD00BC8521 /* blue-coffee-icon.jpeg */,
				12D6706B19ED310E0079F550 /* icon_camera.png */,
				123D904019EE7AE300BDC598 /* star.png */,
				121567B519EE9441001802D5 /* gray-star.png */,
				123D904219EE7C2B00BDC598 /* gray-circle.png */,
			);
			name = images;
			sourceTree = "<group>";
		};
		12D35CFF1A0CD41C00EE87D0 /* GoogleMobileAdsSdkiOS-6.12.2 */ = {
			isa = PBXGroup;
			children = (
				12D35D001A0CD41C00EE87D0 /* Add-ons */,
				12D35D131A0CD41C00EE87D0 /* GADAdMobExtras.h */,
				12D35D141A0CD41C00EE87D0 /* GADAdNetworkExtras.h */,
				12D35D151A0CD41C00EE87D0 /* GADAdSize.h */,
				12D35D161A0CD41C00EE87D0 /* GADBannerView.h */,
				12D35D171A0CD41C00EE87D0 /* GADBannerViewDelegate.h */,
				12D35D181A0CD41C00EE87D0 /* GADInAppPurchase.h */,
				12D35D191A0CD41C00EE87D0 /* GADInAppPurchaseDelegate.h */,
				12D35D1A1A0CD41C00EE87D0 /* GADInterstitial.h */,
				12D35D1B1A0CD41C00EE87D0 /* GADInterstitialDelegate.h */,
				12D35D1C1A0CD41C00EE87D0 /* GADModules.h */,
				12D35D1D1A0CD41C00EE87D0 /* GADRequest.h */,
				12D35D1E1A0CD41C00EE87D0 /* GADRequestError.h */,
				12D35D1F1A0CD41C00EE87D0 /* libGoogleAdMobAds.a */,
				12D35D201A0CD41C00EE87D0 /* README.txt */,
			);
			name = "GoogleMobileAdsSdkiOS-6.12.2";
			path = ..;
			sourceTree = "<group>";
		};
		12D35D001A0CD41C00EE87D0 /* Add-ons */ = {
			isa = PBXGroup;
			children = (
				12D35D011A0CD41C00EE87D0 /* DoubleClick */,
				12D35D091A0CD41C00EE87D0 /* Mediation */,
				12D35D101A0CD41C00EE87D0 /* Search */,
			);
			path = "Add-ons";
			sourceTree = "<group>";
		};
		12D35D011A0CD41C00EE87D0 /* DoubleClick */ = {
			isa = PBXGroup;
			children = (
				12D35D021A0CD41C00EE87D0 /* DFPBannerView.h */,
				12D35D031A0CD41C00EE87D0 /* DFPExtras.h */,
				12D35D041A0CD41C00EE87D0 /* DFPInterstitial.h */,
				12D35D051A0CD41C00EE87D0 /* DFPSwipeableBannerView.h */,
				12D35D061A0CD41C00EE87D0 /* GADAdSizeDelegate.h */,
				12D35D071A0CD41C00EE87D0 /* GADAppEventDelegate.h */,
				12D35D081A0CD41C00EE87D0 /* GADSwipeableBannerViewDelegate.h */,
			);
			path = DoubleClick;
			sourceTree = "<group>";
		};
		12D35D091A0CD41C00EE87D0 /* Mediation */ = {
			isa = PBXGroup;
			children = (
				12D35D0A1A0CD41C00EE87D0 /* GADCustomEventBanner.h */,
				12D35D0B1A0CD41C00EE87D0 /* GADCustomEventBannerDelegate.h */,
				12D35D0C1A0CD41C00EE87D0 /* GADCustomEventExtras.h */,
				12D35D0D1A0CD41C00EE87D0 /* GADCustomEventInterstitial.h */,
				12D35D0E1A0CD41C00EE87D0 /* GADCustomEventInterstitialDelegate.h */,
				12D35D0F1A0CD41C00EE87D0 /* GADCustomEventRequest.h */,
			);
			path = Mediation;
			sourceTree = "<group>";
		};
		12D35D101A0CD41C00EE87D0 /* Search */ = {
			isa = PBXGroup;
			children = (
				12D35D111A0CD41C00EE87D0 /* GADSearchBannerView.h */,
				12D35D121A0CD41C00EE87D0 /* GADSearchRequest.h */,
			);
			path = Search;
			sourceTree = "<group>";
		};
		12D35D231A0CD42500EE87D0 /* LibAdapterIAd-1.0.0 */ = {
			isa = PBXGroup;
			children = (
				12D35D241A0CD42500EE87D0 /* libAdapterIAd.a */,
				12D35D251A0CD42500EE87D0 /* README.txt */,
			);
			name = "LibAdapterIAd-1.0.0";
			sourceTree = "<group>";
		};
		12D35D281A0CD46A00EE87D0 /* Ad */ = {
			isa = PBXGroup;
			children = (
				128871021A0E1B6C007F3027 /* NendSDK_iOS-2.5.5 */,
				12D35CFF1A0CD41C00EE87D0 /* GoogleMobileAdsSdkiOS-6.12.2 */,
				12D35D231A0CD42500EE87D0 /* LibAdapterIAd-1.0.0 */,
			);
			name = Ad;
			path = "GoogleMobileAdsSdkiOS-6.12.2/LibAdapterIAd-1.0.0";
			sourceTree = "<group>";
		};
		12D35D3D1A0CD5B400EE87D0 /* frameworks */ = {
			isa = PBXGroup;
			children = (
				1288716C1A0E1CFF007F3027 /* ImageIO.framework */,
				12D35D3B1A0CD54C00EE87D0 /* Security.framework */,
				12D35D391A0CD54400EE87D0 /* iAd.framework */,
				12D35D371A0CD53900EE87D0 /* CoreTelephony.framework */,
				12D35D351A0CD53000EE87D0 /* SystemConfiguration.framework */,
				12D35D331A0CD52400EE87D0 /* StoreKit.framework */,
				12D35D311A0CD51E00EE87D0 /* MessageUI.framework */,
				12D35D2F1A0CD51400EE87D0 /* CoreGraphics.framework */,
				12D35D2D1A0CD50A00EE87D0 /* AVFoundation.framework */,
				12D35D2B1A0CD4F500EE87D0 /* AdSupport.framework */,
				12D35D291A0CD4E700EE87D0 /* AudioToolbox.framework */,
				12F12D751A045D49004877D9 /* Social.framework */,
			);
			name = frameworks;
			path = ..;
			sourceTree = "<group>";
		};
/* End PBXGroup section */

/* Begin PBXNativeTarget section */
		127ACED819DBF1BE00B39373 /* CoffeeNote */ = {
			isa = PBXNativeTarget;
			buildConfigurationList = 127ACEF819DBF1BF00B39373 /* Build configuration list for PBXNativeTarget "CoffeeNote" */;
			buildPhases = (
				127ACED519DBF1BE00B39373 /* Sources */,
				127ACED619DBF1BE00B39373 /* Frameworks */,
				127ACED719DBF1BE00B39373 /* Resources */,
			);
			buildRules = (
			);
			dependencies = (
			);
			name = CoffeeNote;
			productName = CoffeeNote;
			productReference = 127ACED919DBF1BE00B39373 /* CoffeeNote.app */;
			productType = "com.apple.product-type.application";
		};
		127ACEED19DBF1BF00B39373 /* CoffeeNoteTests */ = {
			isa = PBXNativeTarget;
			buildConfigurationList = 127ACEFB19DBF1BF00B39373 /* Build configuration list for PBXNativeTarget "CoffeeNoteTests" */;
			buildPhases = (
				127ACEEA19DBF1BF00B39373 /* Sources */,
				127ACEEB19DBF1BF00B39373 /* Frameworks */,
				127ACEEC19DBF1BF00B39373 /* Resources */,
			);
			buildRules = (
			);
			dependencies = (
				127ACEF019DBF1BF00B39373 /* PBXTargetDependency */,
			);
			name = CoffeeNoteTests;
			productName = CoffeeNoteTests;
			productReference = 127ACEEE19DBF1BF00B39373 /* CoffeeNoteTests.xctest */;
			productType = "com.apple.product-type.bundle.unit-test";
		};
/* End PBXNativeTarget section */

/* Begin PBXProject section */
		127ACED119DBF1BE00B39373 /* Project object */ = {
			isa = PBXProject;
			attributes = {
				LastUpgradeCheck = 0600;
				ORGANIZATIONNAME = totz;
				TargetAttributes = {
					127ACED819DBF1BE00B39373 = {
						CreatedOnToolsVersion = 6.0.1;
						DevelopmentTeam = 29XC2WXEKP;
					};
					127ACEED19DBF1BF00B39373 = {
						CreatedOnToolsVersion = 6.0.1;
						TestTargetID = 127ACED819DBF1BE00B39373;
					};
				};
			};
			buildConfigurationList = 127ACED419DBF1BE00B39373 /* Build configuration list for PBXProject "CoffeeNote" */;
			compatibilityVersion = "Xcode 3.2";
			developmentRegion = English;
			hasScannedForEncodings = 0;
			knownRegions = (
				en,
				Base,
				ja,
			);
			mainGroup = 127ACED019DBF1BE00B39373;
			productRefGroup = 127ACEDA19DBF1BE00B39373 /* Products */;
			projectDirPath = "";
			projectRoot = "";
			targets = (
				127ACED819DBF1BE00B39373 /* CoffeeNote */,
				127ACEED19DBF1BF00B39373 /* CoffeeNoteTests */,
			);
		};
/* End PBXProject section */

/* Begin PBXResourcesBuildPhase section */
		127ACED719DBF1BE00B39373 /* Resources */ = {
			isa = PBXResourcesBuildPhase;
			buildActionMask = 2147483647;
			files = (
				12CD442C19EC101000FE07AE /* img2.jpg in Resources */,
				12AD799819EB7EB100A320D4 /* img4.jpg in Resources */,
				121567B619EE9441001802D5 /* gray-star.png in Resources */,
				129411EF19FE951000074D62 /* Localizable.strings in Resources */,
				12D35D221A0CD41C00EE87D0 /* README.txt in Resources */,
				129411E819FE947F00074D62 /* InfoPlist.strings in Resources */,
				12D35D271A0CD42500EE87D0 /* README.txt in Resources */,
				12CD442E19EC102C00FE07AE /* img3.jpg in Resources */,
				127ACEE419DBF1BF00B39373 /* Main.storyboard in Resources */,
				127ACEE919DBF1BF00B39373 /* LaunchScreen.xib in Resources */,
				12AD799719EB7EB100A320D4 /* img1.jpg in Resources */,
				123D904119EE7AE300BDC598 /* star.png in Resources */,
				123D904319EE7C2B00BDC598 /* gray-circle.png in Resources */,
				127ACEE619DBF1BF00B39373 /* Images.xcassets in Resources */,
				128871471A0E1B6D007F3027 /* nendSDKiOS2.5.5_manual.pdf in Resources */,
				12D6706C19ED310E0079F550 /* icon_camera.png in Resources */,
				12D8EC4219EE5FAD00BC8521 /* blue-coffee-icon.jpeg in Resources */,
				128871441A0E1B6D007F3027 /* libAdapterNend_readme.txt in Resources */,
			);
			runOnlyForDeploymentPostprocessing = 0;
		};
		127ACEEC19DBF1BF00B39373 /* Resources */ = {
			isa = PBXResourcesBuildPhase;
			buildActionMask = 2147483647;
			files = (
			);
			runOnlyForDeploymentPostprocessing = 0;
		};
/* End PBXResourcesBuildPhase section */

/* Begin PBXSourcesBuildPhase section */
		127ACED519DBF1BE00B39373 /* Sources */ = {
			isa = PBXSourcesBuildPhase;
			buildActionMask = 2147483647;
			files = (
				1212F69A19E570B300F14F7C /* EditViewController.swift in Sources */,
				1285316719DC44F000CCDB50 /* DetailViewController.swift in Sources */,
				12CD442719EBE24A00FE07AE /* CustomCell.swift in Sources */,
				129D3E2419E2C79100180B94 /* FMDatabaseQueue.m in Sources */,
				127ACEE119DBF1BF00B39373 /* AllViewController.swift in Sources */,
				127ACEDF19DBF1BF00B39373 /* AppDelegate.swift in Sources */,
				129D3E2119E2C79100180B94 /* FMDatabase.m in Sources */,
				129D3E2319E2C79100180B94 /* FMDatabasePool.m in Sources */,
				129D3E2519E2C79100180B94 /* FMResultSet.m in Sources */,
				1285316919DC452300CCDB50 /* NewViewController.swift in Sources */,
				129D3E2219E2C79100180B94 /* FMDatabaseAdditions.m in Sources */,
			);
			runOnlyForDeploymentPostprocessing = 0;
		};
		127ACEEA19DBF1BF00B39373 /* Sources */ = {
			isa = PBXSourcesBuildPhase;
			buildActionMask = 2147483647;
			files = (
				127ACEF519DBF1BF00B39373 /* CoffeeNoteTests.swift in Sources */,
			);
			runOnlyForDeploymentPostprocessing = 0;
		};
/* End PBXSourcesBuildPhase section */

/* Begin PBXTargetDependency section */
		127ACEF019DBF1BF00B39373 /* PBXTargetDependency */ = {
			isa = PBXTargetDependency;
			target = 127ACED819DBF1BE00B39373 /* CoffeeNote */;
			targetProxy = 127ACEEF19DBF1BF00B39373 /* PBXContainerItemProxy */;
		};
/* End PBXTargetDependency section */

/* Begin PBXVariantGroup section */
		127ACEE219DBF1BF00B39373 /* Main.storyboard */ = {
			isa = PBXVariantGroup;
			children = (
				127ACEE319DBF1BF00B39373 /* Base */,
				129411E419FE93FF00074D62 /* ja */,
			);
			name = Main.storyboard;
			sourceTree = "<group>";
		};
		127ACEE719DBF1BF00B39373 /* LaunchScreen.xib */ = {
			isa = PBXVariantGroup;
			children = (
				127ACEE819DBF1BF00B39373 /* Base */,
				129411E519FE940000074D62 /* ja */,
			);
			name = LaunchScreen.xib;
			sourceTree = "<group>";
		};
		129411EA19FE947F00074D62 /* InfoPlist.strings */ = {
			isa = PBXVariantGroup;
			children = (
				129411EB19FE948100074D62 /* en */,
				129411EC19FE948200074D62 /* ja */,
			);
			name = InfoPlist.strings;
			sourceTree = "<group>";
		};
		129411F119FE951000074D62 /* Localizable.strings */ = {
			isa = PBXVariantGroup;
			children = (
				129411F219FE951100074D62 /* en */,
				129411F319FE951200074D62 /* ja */,
			);
			name = Localizable.strings;
			sourceTree = "<group>";
		};
/* End PBXVariantGroup section */

/* Begin XCBuildConfiguration section */
		127ACEF619DBF1BF00B39373 /* Debug */ = {
			isa = XCBuildConfiguration;
			buildSettings = {
				ALWAYS_SEARCH_USER_PATHS = NO;
				CLANG_CXX_LANGUAGE_STANDARD = "gnu++0x";
				CLANG_CXX_LIBRARY = "libc++";
				CLANG_ENABLE_MODULES = YES;
				CLANG_ENABLE_OBJC_ARC = YES;
				CLANG_WARN_BOOL_CONVERSION = YES;
				CLANG_WARN_CONSTANT_CONVERSION = YES;
				CLANG_WARN_DIRECT_OBJC_ISA_USAGE = YES_ERROR;
				CLANG_WARN_EMPTY_BODY = YES;
				CLANG_WARN_ENUM_CONVERSION = YES;
				CLANG_WARN_INT_CONVERSION = YES;
				CLANG_WARN_OBJC_ROOT_CLASS = YES_ERROR;
				CLANG_WARN_UNREACHABLE_CODE = YES;
				CLANG_WARN__DUPLICATE_METHOD_MATCH = YES;
				"CODE_SIGN_IDENTITY[sdk=iphoneos*]" = "iPhone Developer";
				COPY_PHASE_STRIP = NO;
				ENABLE_STRICT_OBJC_MSGSEND = YES;
				GCC_C_LANGUAGE_STANDARD = gnu99;
				GCC_DYNAMIC_NO_PIC = NO;
				GCC_OPTIMIZATION_LEVEL = 0;
				GCC_PREPROCESSOR_DEFINITIONS = (
					"DEBUG=1",
					"$(inherited)",
				);
				GCC_SYMBOLS_PRIVATE_EXTERN = NO;
				GCC_WARN_64_TO_32_BIT_CONVERSION = YES;
				GCC_WARN_ABOUT_RETURN_TYPE = YES_ERROR;
				GCC_WARN_UNDECLARED_SELECTOR = YES;
				GCC_WARN_UNINITIALIZED_AUTOS = YES_AGGRESSIVE;
				GCC_WARN_UNUSED_FUNCTION = YES;
				GCC_WARN_UNUSED_VARIABLE = YES;
				IPHONEOS_DEPLOYMENT_TARGET = 7.1;
				MTL_ENABLE_DEBUG_INFO = YES;
				ONLY_ACTIVE_ARCH = YES;
				"OTHER_LDFLAGS[arch=*]" = "-ObjC";
				SDKROOT = iphoneos;
				SWIFT_OPTIMIZATION_LEVEL = "-Onone";
			};
			name = Debug;
		};
		127ACEF719DBF1BF00B39373 /* Release */ = {
			isa = XCBuildConfiguration;
			buildSettings = {
				ALWAYS_SEARCH_USER_PATHS = NO;
				CLANG_CXX_LANGUAGE_STANDARD = "gnu++0x";
				CLANG_CXX_LIBRARY = "libc++";
				CLANG_ENABLE_MODULES = YES;
				CLANG_ENABLE_OBJC_ARC = YES;
				CLANG_WARN_BOOL_CONVERSION = YES;
				CLANG_WARN_CONSTANT_CONVERSION = YES;
				CLANG_WARN_DIRECT_OBJC_ISA_USAGE = YES_ERROR;
				CLANG_WARN_EMPTY_BODY = YES;
				CLANG_WARN_ENUM_CONVERSION = YES;
				CLANG_WARN_INT_CONVERSION = YES;
				CLANG_WARN_OBJC_ROOT_CLASS = YES_ERROR;
				CLANG_WARN_UNREACHABLE_CODE = YES;
				CLANG_WARN__DUPLICATE_METHOD_MATCH = YES;
				"CODE_SIGN_IDENTITY[sdk=iphoneos*]" = "iPhone Developer";
				COPY_PHASE_STRIP = YES;
				ENABLE_NS_ASSERTIONS = NO;
				ENABLE_STRICT_OBJC_MSGSEND = YES;
				GCC_C_LANGUAGE_STANDARD = gnu99;
				GCC_WARN_64_TO_32_BIT_CONVERSION = YES;
				GCC_WARN_ABOUT_RETURN_TYPE = YES_ERROR;
				GCC_WARN_UNDECLARED_SELECTOR = YES;
				GCC_WARN_UNINITIALIZED_AUTOS = YES_AGGRESSIVE;
				GCC_WARN_UNUSED_FUNCTION = YES;
				GCC_WARN_UNUSED_VARIABLE = YES;
				IPHONEOS_DEPLOYMENT_TARGET = 7.1;
				MTL_ENABLE_DEBUG_INFO = NO;
				"OTHER_LDFLAGS[arch=*]" = "-ObjC";
				SDKROOT = iphoneos;
				VALIDATE_PRODUCT = YES;
			};
			name = Release;
		};
		127ACEF919DBF1BF00B39373 /* Debug */ = {
			isa = XCBuildConfiguration;
			buildSettings = {
				ASSETCATALOG_COMPILER_APPICON_NAME = AppIcon;
				ASSETCATALOG_COMPILER_LAUNCHIMAGE_NAME = LaunchImage;
				CODE_SIGN_IDENTITY = "iPhone Developer";
				"CODE_SIGN_IDENTITY[sdk=iphoneos*]" = "iPhone Developer";
				INFOPLIST_FILE = CoffeeNote/Info.plist;
				IPHONEOS_DEPLOYMENT_TARGET = 7.1;
				LD_RUNPATH_SEARCH_PATHS = "$(inherited) @executable_path/Frameworks";
				LIBRARY_SEARCH_PATHS = (
					"$(inherited)",
					"$(PROJECT_DIR)/CoffeeNote/GoogleMobileAdsSdkiOS-6.12.2",
					"$(PROJECT_DIR)/CoffeeNote/GoogleMobileAdsSdkiOS-6.12.2/LibAdapterIAd-1.0.0",
					"$(PROJECT_DIR)/Externals/NendSDK_iOS-2.5.5/AdMobMediationAdapter",
					"$(PROJECT_DIR)/Externals/NendSDK_iOS-2.5.5/Nend/NendAd",
				);
				PRODUCT_NAME = "$(TARGET_NAME)";
				PROVISIONING_PROFILE = "";
				SWIFT_OBJC_BRIDGING_HEADER = "$(SRCROOT)/$(PROJECT)/CoffeeNote-Bridging-Header.h";
				TARGETED_DEVICE_FAMILY = 1;
			};
			name = Debug;
		};
		127ACEFA19DBF1BF00B39373 /* Release */ = {
			isa = XCBuildConfiguration;
			buildSettings = {
				ASSETCATALOG_COMPILER_APPICON_NAME = AppIcon;
				ASSETCATALOG_COMPILER_LAUNCHIMAGE_NAME = LaunchImage;
				CODE_SIGN_IDENTITY = "iPhone Developer";
				"CODE_SIGN_IDENTITY[sdk=iphoneos*]" = "iPhone Developer";
				INFOPLIST_FILE = CoffeeNote/Info.plist;
				IPHONEOS_DEPLOYMENT_TARGET = 7.1;
				LD_RUNPATH_SEARCH_PATHS = "$(inherited) @executable_path/Frameworks";
				LIBRARY_SEARCH_PATHS = (
					"$(inherited)",
					"$(PROJECT_DIR)/CoffeeNote/GoogleMobileAdsSdkiOS-6.12.2",
					"$(PROJECT_DIR)/CoffeeNote/GoogleMobileAdsSdkiOS-6.12.2/LibAdapterIAd-1.0.0",
					"$(PROJECT_DIR)/Externals/NendSDK_iOS-2.5.5/AdMobMediationAdapter",
					"$(PROJECT_DIR)/Externals/NendSDK_iOS-2.5.5/Nend/NendAd",
				);
				PRODUCT_NAME = "$(TARGET_NAME)";
				PROVISIONING_PROFILE = "";
				SWIFT_OBJC_BRIDGING_HEADER = "$(SRCROOT)/$(PROJECT)/CoffeeNote-Bridging-Header.h";
				TARGETED_DEVICE_FAMILY = 1;
			};
			name = Release;
		};
		127ACEFC19DBF1BF00B39373 /* Debug */ = {
			isa = XCBuildConfiguration;
			buildSettings = {
				BUNDLE_LOADER = "$(TEST_HOST)";
				FRAMEWORK_SEARCH_PATHS = (
					"$(SDKROOT)/Developer/Library/Frameworks",
					"$(inherited)",
				);
				GCC_PREPROCESSOR_DEFINITIONS = (
					"DEBUG=1",
					"$(inherited)",
				);
				INFOPLIST_FILE = CoffeeNoteTests/Info.plist;
				LD_RUNPATH_SEARCH_PATHS = "$(inherited) @executable_path/Frameworks @loader_path/Frameworks";
				PRODUCT_NAME = "$(TARGET_NAME)";
				TEST_HOST = "$(BUILT_PRODUCTS_DIR)/CoffeeNote.app/CoffeeNote";
			};
			name = Debug;
		};
		127ACEFD19DBF1BF00B39373 /* Release */ = {
			isa = XCBuildConfiguration;
			buildSettings = {
				BUNDLE_LOADER = "$(TEST_HOST)";
				FRAMEWORK_SEARCH_PATHS = (
					"$(SDKROOT)/Developer/Library/Frameworks",
					"$(inherited)",
				);
				INFOPLIST_FILE = CoffeeNoteTests/Info.plist;
				LD_RUNPATH_SEARCH_PATHS = "$(inherited) @executable_path/Frameworks @loader_path/Frameworks";
				PRODUCT_NAME = "$(TARGET_NAME)";
				TEST_HOST = "$(BUILT_PRODUCTS_DIR)/CoffeeNote.app/CoffeeNote";
			};
			name = Release;
		};
/* End XCBuildConfiguration section */

/* Begin XCConfigurationList section */
		127ACED419DBF1BE00B39373 /* Build configuration list for PBXProject "CoffeeNote" */ = {
			isa = XCConfigurationList;
			buildConfigurations = (
				127ACEF619DBF1BF00B39373 /* Debug */,
				127ACEF719DBF1BF00B39373 /* Release */,
			);
			defaultConfigurationIsVisible = 0;
			defaultConfigurationName = Release;
		};
		127ACEF819DBF1BF00B39373 /* Build configuration list for PBXNativeTarget "CoffeeNote" */ = {
			isa = XCConfigurationList;
			buildConfigurations = (
				127ACEF919DBF1BF00B39373 /* Debug */,
				127ACEFA19DBF1BF00B39373 /* Release */,
			);
			defaultConfigurationIsVisible = 0;
			defaultConfigurationName = Release;
		};
		127ACEFB19DBF1BF00B39373 /* Build configuration list for PBXNativeTarget "CoffeeNoteTests" */ = {
			isa = XCConfigurationList;
			buildConfigurations = (
				127ACEFC19DBF1BF00B39373 /* Debug */,
				127ACEFD19DBF1BF00B39373 /* Release */,
			);
			defaultConfigurationIsVisible = 0;
			defaultConfigurationName = Release;
		};
/* End XCConfigurationList section */
	};
	rootObject = 127ACED119DBF1BE00B39373 /* Project object */;
}
